hash: c698a45693f0bb329d97c59afac03846852211188c6c8a1f73a39f9ac812c180
updated: 2017-07-19T15:55:05.147491007Z
imports:
- name: github.com/docker/distribution
  version: f86db6b22663a27ba4d278220b7e34be528b1e79
  subpackages:
  - digestset
  - reference
- name: github.com/docker/docker
  version: 90d35abf7b3535c1c319c872900fbd76374e521c
  subpackages:
  - api
  - api/types
  - api/types/blkiodev
  - api/types/container
  - api/types/events
  - api/types/filters
  - api/types/image
  - api/types/mount
  - api/types/network
  - api/types/registry
  - api/types/strslice
  - api/types/swarm
  - api/types/time
  - api/types/versions
  - api/types/volume
  - client
  - pkg/ioutils
  - pkg/longpath
  - pkg/system
  - pkg/tlsconfig
- name: github.com/docker/go-connections
  version: 3ede32e2033de7505e6500d6c868c2b9ed9f169d
  subpackages:
  - nat
  - sockets
  - tlsconfig
- name: github.com/docker/go-units
  version: 0dadbb0345b35ec7ef35e228dabb8de89a65bf52
- name: github.com/docker/libtrust
  version: aabc10ec26b754e797f9028f4589c5b7bd90dc20
- name: github.com/Microsoft/go-winio
  version: c4dc1301f1dc0307acd38e611aa375a64dfe0642
- name: github.com/opencontainers/go-digest
  version: 279bed98673dd5bef374d3b6e4b09e2af76183bf
- name: github.com/pkg/errors
  version: c605e284fe17294bda444b34710735b29d1a9d90
- name: github.com/sirupsen/logrus
  version: a3f95b5c423586578a4e099b11a46c2479628cac
- name: github.com/Sirupsen/logrus
  version: 5ff5dd844dfeb4e23e27528f79f1f845bc8bb78f
- name: golang.org/x/net
  version: f315505cf3349909cdf013ea56690da34e96a451
  subpackages:
  - context
  - context/ctxhttp
  - proxy
- name: golang.org/x/sys
  version: a2e06a18b0d52d8cb2010e04b372a1965d8e3439
  subpackages:
  - unix
  - windows
testImports: []
